// !$*UTF8*$!
{
	archiveVersion = 1;
	classes = {
	};
	objectVersion = 46;
	objects = {

/* Begin PBXBuildFile section */
		651CC9B91CF41E8B009EA16E /* main.m in Sources */ = {isa = PBXBuildFile; fileRef = 651CC9B81CF41E8B009EA16E /* main.m */; };
		651CC9BC1CF41E8B009EA16E /* AppDelegate.m in Sources */ = {isa = PBXBuildFile; fileRef = 651CC9BB1CF41E8B009EA16E /* AppDelegate.m */; };
		651CC9BF1CF41E8B009EA16E /* ViewController.m in Sources */ = {isa = PBXBuildFile; fileRef = 651CC9BE1CF41E8B009EA16E /* ViewController.m */; };
		651CC9C41CF41E8B009EA16E /* Assets.xcassets in Resources */ = {isa = PBXBuildFile; fileRef = 651CC9C31CF41E8B009EA16E /* Assets.xcassets */; };
		651CC9C71CF41E8B009EA16E /* LaunchScreen.storyboard in Resources */ = {isa = PBXBuildFile; fileRef = 651CC9C51CF41E8B009EA16E /* LaunchScreen.storyboard */; };
		651CC9CF1CF41ED9009EA16E /* Main.storyboard in Resources */ = {isa = PBXBuildFile; fileRef = 651CC9CE1CF41ED9009EA16E /* Main.storyboard */; };
/* End PBXBuildFile section */

/* Begin PBXFileReference section */
		651CC9B41CF41E8B009EA16E /* ScreenRotate.app */ = {isa = PBXFileReference; explicitFileType = wrapper.application; includeInIndex = 0; path = ScreenRotate.app; sourceTree = BUILT_PRODUCTS_DIR; };
		651CC9B81CF41E8B009EA16E /* main.m */ = {isa = PBXFileReference; lastKnownFileType = sourcecode.c.objc; path = main.m; sourceTree = "<group>"; };
		651CC9BA1CF41E8B009EA16E /* AppDelegate.h */ = {isa = PBXFileReference; lastKnownFileType = sourcecode.c.h; path = AppDelegate.h; sourceTree = "<group>"; };
		651CC9BB1CF41E8B009EA16E /* AppDelegate.m */ = {isa = PBXFileReference; lastKnownFileType = sourcecode.c.objc; path = AppDelegate.m; sourceTree = "<group>"; };
		651CC9BD1CF41E8B009EA16E /* ViewController.h */ = {isa = PBXFileReference; lastKnownFileType = sourcecode.c.h; path = ViewController.h; sourceTree = "<group>"; };
		651CC9BE1CF41E8B009EA16E /* ViewController.m */ = {isa = PBXFileReference; lastKnownFileType = sourcecode.c.objc; path = ViewController.m; sourceTree = "<group>"; };
		651CC9C31CF41E8B009EA16E /* Assets.xcassets */ = {isa = PBXFileReference; lastKnownFileType = folder.assetcatalog; path = Assets.xcassets; sourceTree = "<group>"; };
		651CC9C61CF41E8B009EA16E /* Base */ = {isa = PBXFileReference; lastKnownFileType = file.storyboard; name = Base; path = Base.lproj/LaunchScreen.storyboard; sourceTree = "<group>"; };
		651CC9C81CF41E8B009EA16E /* Info.plist */ = {isa = PBXFileReference; lastKnownFileType = text.plist.xml; path = Info.plist; sourceTree = "<group>"; };
		651CC9CE1CF41ED9009EA16E /* Main.storyboard */ = {isa = PBXFileReference; fileEncoding = 4; lastKnownFileType = file.storyboard; path = Main.storyboard; sourceTree = "<group>"; };
/* End PBXFileReference section */

/* Begin PBXFrameworksBuildPhase section */
		651CC9B11CF41E8B009EA16E /* Frameworks */ = {
			isa = PBXFrameworksBuildPhase;
			buildActionMask = 2147483647;
			files = (
			);
			runOnlyForDeploymentPostprocessing = 0;
		};
/* End PBXFrameworksBuildPhase section */

/* Begin PBXGroup section */
		651CC9AB1CF41E8B009EA16E = {
			isa = PBXGroup;
			children = (
				651CC9B61CF41E8B009EA16E /* ScreenRotate */,
				651CC9B51CF41E8B009EA16E /* Products */,
			);
			sourceTree = "<group>";
		};
		651CC9B51CF41E8B009EA16E /* Products */ = {
			isa = PBXGroup;
			children = (
				651CC9B41CF41E8B009EA16E /* ScreenRotate.app */,
			);
			name = Products;
			sourceTree = "<group>";
		};
		651CC9B61CF41E8B009EA16E /* ScreenRotate */ = {
			isa = PBXGroup;
			children = (
				651CC9BA1CF41E8B009EA16E /* AppDelegate.h */,
				651CC9BB1CF41E8B009EA16E /* AppDelegate.m */,
				651CC9BD1CF41E8B009EA16E /* ViewController.h */,
				651CC9BE1CF41E8B009EA16E /* ViewController.m */,
				651CC9CE1CF41ED9009EA16E /* Main.storyboard */,
				651CC9C31CF41E8B009EA16E /* Assets.xcassets */,
				651CC9C51CF41E8B009EA16E /* LaunchScreen.storyboard */,
				651CC9C81CF41E8B009EA16E /* Info.plist */,
				651CC9B71CF41E8B009EA16E /* Supporting Files */,
			);
			path = ScreenRotate;
			sourceTree = "<group>";
		};
		651CC9B71CF41E8B009EA16E /* Supporting Files */ = {
			isa = PBXGroup;
			children = (
				651CC9B81CF41E8B009EA16E /* main.m */,
			);
			name = "Supporting Files";
			sourceTree = "<group>";
		};
/* End PBXGroup section */

/* Begin PBXNativeTarget section */
		651CC9B31CF41E8B009EA16E /* ScreenRotate */ = {
			isa = PBXNativeTarget;
			buildConfigurationList = 651CC9CB1CF41E8B009EA16E /* Build configuration list for PBXNativeTarget "ScreenRotate" */;
			buildPhases = (
				651CC9B01CF41E8B009EA16E /* Sources */,
				651CC9B11CF41E8B009EA16E /* Frameworks */,
				651CC9B21CF41E8B009EA16E /* Resources */,
			);
			buildRules = (
			);
			dependencies = (
			);
			name = ScreenRotate;
			productName = ScreenRotate;
			productReference = 651CC9B41CF41E8B009EA16E /* ScreenRotate.app */;
			productType = "com.apple.product-type.application";
		};
/* End PBXNativeTarget section */

/* Begin PBXProject section */
		651CC9AC1CF41E8B009EA16E /* Project object */ = {
			isa = PBXProject;
			attributes = {
				LastUpgradeCheck = 0730;
				ORGANIZATIONNAME = www.wackosix.cn;
				TargetAttributes = {
					651CC9B31CF41E8B009EA16E = {
						CreatedOnToolsVersion = 7.3.1;
					};
				};
			};
			buildConfigurationList = 651CC9AF1CF41E8B009EA16E /* Build configuration list for PBXProject "ScreenRotate" */;
			compatibilityVersion = "Xcode 3.2";
			developmentRegion = English;
			hasScannedForEncodings = 0;
			knownRegions = (
				en,
				Base,
			);
			mainGroup = 651CC9AB1CF41E8B009EA16E;
			productRefGroup = 651CC9B51CF41E8B009EA16E /* Products */;
			projectDirPath = "";
			projectRoot = "";
			targets = (
				651CC9B31CF41E8B009EA16E /* ScreenRotate */,
			);
		};
/* End PBXProject section */

/* Begin PBXResourcesBuildPhase section */
		651CC9B21CF41E8B009EA16E /* Resources */ = {
			isa = PBXResourcesBuildPhase;
			buildActionMask = 2147483647;
			files = (
				651CC9CF1CF41ED9009EA16E /* Main.storyboard in Resources */,
				651CC9C71CF41E8B009EA16E /* LaunchScreen.storyboard in Resources */,
				651CC9C41CF41E8B009EA16E /* Assets.xcassets in Resources */,
			);
			runOnlyForDeploymentPostprocessing = 0;
		};
/* End PBXResourcesBuildPhase section */

/* Begin PBXSourcesBuildPhase section */
		651CC9B01CF41E8B009EA16E /* Sources */ = {
			isa = PBXSourcesBuildPhase;
			buildActionMask = 2147483647;
			files = (
				651CC9BF1CF41E8B009EA16E /* ViewController.m in Sources */,
				651CC9BC1CF41E8B009EA16E /* AppDelegate.m in Sources */,
				651CC9B91CF41E8B009EA16E /* main.m in Sources */,
			);
			runOnlyForDeploymentPostprocessing = 0;
		};
/* End PBXSourcesBuildPhase section */

/* Begin PBXVariantGroup section */
		651CC9C51CF41E8B009EA16E /* LaunchScreen.storyboard */ = {
			isa = PBXVariantGroup;
			children = (
				651CC9C61CF41E8B009EA16E /* Base */,
			);
			name = LaunchScreen.storyboard;
			sourceTree = "<group>";
		};
/* End PBXVariantGroup section */

/* Begin XCBuildConfiguration section */
		651CC9C91CF41E8B009EA16E /* Debug */ = {
			isa = XCBuildConfiguration;
			buildSettings = {
				ALWAYS_SEARCH_USER_PATHS = NO;
				CLANG_ANALYZER_NONNULL = YES;
				CLANG_CXX_LANGUAGE_STANDARD = "gnu++0x";
				CLANG_CXX_LIBRARY = "libc++";
				CLANG_ENABLE_MODULES = YES;
				CLANG_ENABLE_OBJC_ARC = YES;
				CLANG_WARN_BOOL_CONVERSION = YES;
				CLANG_WARN_CONSTANT_CONVERSION = YES;
				CLANG_WARN_DIRECT_OBJC_ISA_USAGE = YES_ERROR;
				CLANG_WARN_EMPTY_BODY = YES;
				CLANG_WARN_ENUM_CONVERSION = YES;
				CLANG_WARN_INT_CONVERSION = YES;
				CLANG_WARN_OBJC_ROOT_CLASS = YES_ERROR;
				CLANG_WARN_UNREACHABLE_CODE = YES;
				CLANG_WARN__DUPLICATE_METHOD_MATCH = YES;
				"CODE_SIGN_IDENTITY[sdk=iphoneos*]" = "iPhone Developer";
				COPY_PHASE_STRIP = NO;
				DEBUG_INFORMATION_FORMAT = dwarf;
				ENABLE_STRICT_OBJC_MSGSEND = YES;
				ENABLE_TESTABILITY = YES;
				GCC_C_LANGUAGE_STANDARD = gnu99;
				GCC_DYNAMIC_NO_PIC = NO;
				GCC_NO_COMMON_BLOCKS = YES;
				GCC_OPTIMIZATION_LEVEL = 0;
				GCC_PREPROCESSOR_DEFINITIONS = (
					"DEBUG=1",
					"$(inherited)",
				);
				GCC_WARN_64_TO_32_BIT_CONVERSION = YES;
				GCC_WARN_ABOUT_RETURN_TYPE = YES_ERROR;
				GCC_WARN_UNDECLARED_SELECTOR = YES;
				GCC_WARN_UNINITIALIZED_AUTOS = YES_AGGRESSIVE;
				GCC_WARN_UNUSED_FUNCTION = YES;
				GCC_WARN_UNUSED_VARIABLE = YES;
				IPHONEOS_DEPLOYMENT_TARGET = 9.3;
				MTL_ENABLE_DEBUG_INFO = YES;
				ONLY_ACTIVE_ARCH = YES;
				SDKROOT = iphoneos;
			};
			name = Debug;
		};
		651CC9CA1CF41E8B009EA16E /* Release */ = {
			isa = XCBuildConfiguration;
			buildSettings = {
				ALWAYS_SEARCH_USER_PATHS = NO;
				CLANG_ANALYZER_NONNULL = YES;
				CLANG_CXX_LANGUAGE_STANDARD = "gnu++0x";
				CLANG_CXX_LIBRARY = "libc++";
				CLANG_ENABLE_MODULES = YES;
				CLANG_ENABLE_OBJC_ARC = YES;
				CLANG_WARN_BOOL_CONVERSION = YES;
				CLANG_WARN_CONSTANT_CONVERSION = YES;
				CLANG_WARN_DIRECT_OBJC_ISA_USAGE = YES_ERROR;
				CLANG_WARN_EMPTY_BODY = YES;
				CLANG_WARN_ENUM_CONVERSION = YES;
				CLANG_WARN_INT_CONVERSION = YES;
				CLANG_WARN_OBJC_ROOT_CLASS = YES_ERROR;
				CLANG_WARN_UNREACHABLE_CODE = YES;
				CLANG_WARN__DUPLICATE_METHOD_MATCH = YES;
				"CODE_SIGN_IDENTITY[sdk=iphoneos*]" = "iPhone Developer";
				COPY_PHASE_STRIP = NO;
				DEBUG_INFORMATION_FORMAT = "dwarf-with-dsym";
				ENABLE_NS_ASSERTIONS = NO;
				ENABLE_STRICT_OBJC_MSGSEND = YES;
				GCC_C_LANGUAGE_STANDARD = gnu99;
				GCC_NO_COMMON_BLOCKS = YES;
				GCC_WARN_64_TO_32_BIT_CONVERSION = YES;
				GCC_WARN_ABOUT_RETURN_TYPE = YES_ERROR;
				GCC_WARN_UNDECLARED_SELECTOR = YES;
				GCC_WARN_UNINITIALIZED_AUTOS = YES_AGGRESSIVE;
				GCC_WARN_UNUSED_FUNCTION = YES;
				GCC_WARN_UNUSED_VARIABLE = YES;
				IPHONEOS_DEPLOYMENT_TARGET = 9.3;
				MTL_ENABLE_DEBUG_INFO = NO;
				SDKROOT = iphoneos;
				VALIDATE_PRODUCT = YES;
			};
			name = Release;
		};
		651CC9CC1CF41E8B009EA16E /* Debug */ = {
			isa = XCBuildConfiguration;
			buildSettings = {
				ASSETCATALOG_COMPILER_APPICON_NAME = AppIcon;
				INFOPLIST_FILE = ScreenRotate/Info.plist;
				IPHONEOS_DEPLOYMENT_TARGET = 7.1;
				LD_RUNPATH_SEARCH_PATHS = "$(inherited) @executable_path/Frameworks";
				PRODUCT_BUNDLE_IDENTIFIER = cn.wackosix.demo;
				PRODUCT_NAME = "$(TARGET_NAME)";
			};
			name = Debug;
		};
		651CC9CD1CF41E8B009EA16E /* Release */ = {
			isa = XCBuildConfiguration;
			buildSettings = {
				ASSETCATALOG_COMPILER_APPICON_NAME = AppIcon;
				INFOPLIST_FILE = ScreenRotate/Info.plist;
				IPHONEOS_DEPLOYMENT_TARGET = 7.1;
				LD_RUNPATH_SEARCH_PATHS = "$(inherited) @executable_path/Frameworks";
				PRODUCT_BUNDLE_IDENTIFIER = cn.wackosix.demo;
				PRODUCT_NAME = "$(TARGET_NAME)";
			};
			name = Release;
		};
/* End XCBuildConfiguration section */

/* Begin XCConfigurationList section */
		651CC9AF1CF41E8B009EA16E /* Build configuration list for PBXProject "ScreenRotate" */ = {
			isa = XCConfigurationList;
			buildConfigurations = (
				651CC9C91CF41E8B009EA16E /* Debug */,
				651CC9CA1CF41E8B009EA16E /* Release */,
			);
			defaultConfigurationIsVisible = 0;
			defaultConfigurationName = Release;
		};
		651CC9CB1CF41E8B009EA16E /* Build configuration list for PBXNativeTarget "ScreenRotate" */ = {
			isa = XCConfigurationList;
			buildConfigurations = (
				651CC9CC1CF41E8B009EA16E /* Debug */,
				651CC9CD1CF41E8B009EA16E /* Release */,
			);
			defaultConfigurationIsVisible = 0;
		};
/* End XCConfigurationList section */
	};
	rootObject = 651CC9AC1CF41E8B009EA16E /* Project object */;
}
